
Microsoft Visual Studio Solution File, Format Version 12.00
# Visual Studio Version 17
VisualStudioVersion = 17.1.32319.34
MinimumVisualStudioVersion = 10.0.40219.1
Project("{FAE04EC0-301F-11D3-BF4B-00C04F79EFBC}") = "Project07", "Project07\Project07.csproj", "{A8A68870-0D07-44BD-9FD7-B636F02BA2FA}"
EndProject
Global
	GlobalSection(SolutionConfigurationPlatforms) = preSolution
		Debug|Any CPU = Debug|Any CPU
		Release|Any CPU = Release|Any CPU
	EndGlobalSection
	GlobalSection(ProjectConfigurationPlatforms) = postSolution
		{A8A68870-0D07-44BD-9FD7-B636F02BA2FA}.Debug|Any CPU.ActiveCfg = Debug|Any CPU
		{A8A68870-0D07-44BD-9FD7-B636F02BA2FA}.Debug|Any CPU.Build.0 = Debug|Any CPU
		{A8A68870-0D07-44BD-9FD7-B636F02BA2FA}.Release|Any CPU.ActiveCfg = Release|Any CPU
		{A8A68870-0D07-44BD-9FD7-B636F02BA2FA}.Release|Any CPU.Build.0 = Release|Any CPU
	EndGlobalSection
	GlobalSection(SolutionProperties) = preSolution
		HideSolutionNode = FALSE
	EndGlobalSection
	GlobalSection(ExtensibilityGlobals) = postSolution
		SolutionGuid = {1FC4D712-86FC-43DD-A5ED-2A0CB3225183}
	EndGlobalSection
EndGlobal
